
Microsoft Visual Studio Solution File, Format Version 12.00
# Visual Studio 15
VisualStudioVersion = 15.0.26430.14
MinimumVisualStudioVersion = 10.0.40219.1
Project("{FAE04EC0-301F-11D3-BF4B-00C04F79EFBC}") = "Enjoy.Core", "Enjoy.Core\Enjoy.Core.csproj", "{CB31F1DE-93D3-4B99-8D3C-35A095BE3747}"
EndProject
Project("{FAE04EC0-301F-11D3-BF4B-00C04F79EFBC}") = "Enjoy.Core.Services", "Enjoy.Core.Services\Enjoy.Core.Services.csproj", "{AB3B7195-0D0E-4E05-8533-A13DF0F1B3BF}"
EndProject
Project("{2150E333-8FDC-42A3-9474-1A3956D46DE8}") = "Modules", "Modules", "{4ACFEBE6-0817-41B4-8A44-72DCECC66406}"
EndProject
Project("{FAE04EC0-301F-11D3-BF4B-00C04F79EFBC}") = "Enjoy.Portal.Api", "Enjoy.Web\Modules\Enjoy.Portal.Api\Enjoy.Portal.Api.csproj", "{A71D6F5A-36AC-48B5-9FB8-DEC116E86D1E}"
EndProject
Project("{FAE04EC0-301F-11D3-BF4B-00C04F79EFBC}") = "Enjoy.Portal.Dashboard", "Enjoy.Web\Modules\Enjoy.Portal.Dashboard\Enjoy.Portal.Dashboard.csproj", "{5E9A7F1F-BE8A-425D-96A2-5AAD7997D45D}"
EndProject
Project("{FAE04EC0-301F-11D3-BF4B-00C04F79EFBC}") = "Enjoy.WarmupStarter", "Enjoy.WarmupStarter\Enjoy.WarmupStarter.csproj", "{80680CFB-CBCC-4463-B682-0723CBD0EB04}"
EndProject
Project("{FAE04EC0-301F-11D3-BF4B-00C04F79EFBC}") = "Enjoy.Web", "Enjoy.Web\Enjoy.Web.csproj", "{C8005536-524D-4A28-AD34-C5E6968397C4}"
EndProject
Project("{2150E333-8FDC-42A3-9474-1A3956D46DE8}") = "Test", "Test", "{75A65AA9-7CB5-4325-96C8-59B7AF73DF6C}"
EndProject
Project("{FAE04EC0-301F-11D3-BF4B-00C04F79EFBC}") = "ConsoleApp", "Test\ConsoleApp\ConsoleApp.csproj", "{F09D7AE8-56C1-4AF8-BFAA-EB05F9B6E6FC}"
EndProject
Global
	GlobalSection(SolutionConfigurationPlatforms) = preSolution
		Debug|Any CPU = Debug|Any CPU
		Release|Any CPU = Release|Any CPU
	EndGlobalSection
	GlobalSection(ProjectConfigurationPlatforms) = postSolution
		{CB31F1DE-93D3-4B99-8D3C-35A095BE3747}.Debug|Any CPU.ActiveCfg = Debug|Any CPU
		{CB31F1DE-93D3-4B99-8D3C-35A095BE3747}.Debug|Any CPU.Build.0 = Debug|Any CPU
		{CB31F1DE-93D3-4B99-8D3C-35A095BE3747}.Release|Any CPU.ActiveCfg = Release|Any CPU
		{CB31F1DE-93D3-4B99-8D3C-35A095BE3747}.Release|Any CPU.Build.0 = Release|Any CPU
		{AB3B7195-0D0E-4E05-8533-A13DF0F1B3BF}.Debug|Any CPU.ActiveCfg = Debug|Any CPU
		{AB3B7195-0D0E-4E05-8533-A13DF0F1B3BF}.Debug|Any CPU.Build.0 = Debug|Any CPU
		{AB3B7195-0D0E-4E05-8533-A13DF0F1B3BF}.Release|Any CPU.ActiveCfg = Release|Any CPU
		{AB3B7195-0D0E-4E05-8533-A13DF0F1B3BF}.Release|Any CPU.Build.0 = Release|Any CPU
		{A71D6F5A-36AC-48B5-9FB8-DEC116E86D1E}.Debug|Any CPU.ActiveCfg = Debug|Any CPU
		{A71D6F5A-36AC-48B5-9FB8-DEC116E86D1E}.Debug|Any CPU.Build.0 = Debug|Any CPU
		{A71D6F5A-36AC-48B5-9FB8-DEC116E86D1E}.Release|Any CPU.ActiveCfg = Release|Any CPU
		{A71D6F5A-36AC-48B5-9FB8-DEC116E86D1E}.Release|Any CPU.Build.0 = Release|Any CPU
		{5E9A7F1F-BE8A-425D-96A2-5AAD7997D45D}.Debug|Any CPU.ActiveCfg = Debug|Any CPU
		{5E9A7F1F-BE8A-425D-96A2-5AAD7997D45D}.Debug|Any CPU.Build.0 = Debug|Any CPU
		{5E9A7F1F-BE8A-425D-96A2-5AAD7997D45D}.Release|Any CPU.ActiveCfg = Release|Any CPU
		{5E9A7F1F-BE8A-425D-96A2-5AAD7997D45D}.Release|Any CPU.Build.0 = Release|Any CPU
		{80680CFB-CBCC-4463-B682-0723CBD0EB04}.Debug|Any CPU.ActiveCfg = Debug|Any CPU
		{80680CFB-CBCC-4463-B682-0723CBD0EB04}.Debug|Any CPU.Build.0 = Debug|Any CPU
		{80680CFB-CBCC-4463-B682-0723CBD0EB04}.Release|Any CPU.ActiveCfg = Release|Any CPU
		{80680CFB-CBCC-4463-B682-0723CBD0EB04}.Release|Any CPU.Build.0 = Release|Any CPU
		{C8005536-524D-4A28-AD34-C5E6968397C4}.Debug|Any CPU.ActiveCfg = Debug|Any CPU
		{C8005536-524D-4A28-AD34-C5E6968397C4}.Debug|Any CPU.Build.0 = Debug|Any CPU
		{C8005536-524D-4A28-AD34-C5E6968397C4}.Release|Any CPU.ActiveCfg = Release|Any CPU
		{C8005536-524D-4A28-AD34-C5E6968397C4}.Release|Any CPU.Build.0 = Release|Any CPU
		{F09D7AE8-56C1-4AF8-BFAA-EB05F9B6E6FC}.Debug|Any CPU.ActiveCfg = Debug|Any CPU
		{F09D7AE8-56C1-4AF8-BFAA-EB05F9B6E6FC}.Debug|Any CPU.Build.0 = Debug|Any CPU
		{F09D7AE8-56C1-4AF8-BFAA-EB05F9B6E6FC}.Release|Any CPU.ActiveCfg = Release|Any CPU
		{F09D7AE8-56C1-4AF8-BFAA-EB05F9B6E6FC}.Release|Any CPU.Build.0 = Release|Any CPU
	EndGlobalSection
	GlobalSection(SolutionProperties) = preSolution
		HideSolutionNode = FALSE
	EndGlobalSection
	GlobalSection(NestedProjects) = preSolution
		{A71D6F5A-36AC-48B5-9FB8-DEC116E86D1E} = {4ACFEBE6-0817-41B4-8A44-72DCECC66406}
		{5E9A7F1F-BE8A-425D-96A2-5AAD7997D45D} = {4ACFEBE6-0817-41B4-8A44-72DCECC66406}
		{F09D7AE8-56C1-4AF8-BFAA-EB05F9B6E6FC} = {75A65AA9-7CB5-4325-96C8-59B7AF73DF6C}
	EndGlobalSection
	GlobalSection(ExtensibilityGlobals) = postSolution
		SolutionGuid = {21CB5F56-FC1E-449D-80A5-31BF2B320601}
	EndGlobalSection
EndGlobal
